// !$*UTF8*$!
{
	archiveVersion = 1;
	classes = {
	};
	objectVersion = 46;
	objects = {

/* Begin PBXBuildFile section */
		142AD9251C768C7B00BE3B08 /* AppDelegate.swift in Sources */ = {isa = PBXBuildFile; fileRef = 142AD9241C768C7B00BE3B08 /* AppDelegate.swift */; };
		142AD9271C768C7B00BE3B08 /* ViewController.swift in Sources */ = {isa = PBXBuildFile; fileRef = 142AD9261C768C7B00BE3B08 /* ViewController.swift */; };
		142AD92A1C768C7B00BE3B08 /* Main.storyboard in Resources */ = {isa = PBXBuildFile; fileRef = 142AD9281C768C7B00BE3B08 /* Main.storyboard */; };
		142AD92C1C768C7C00BE3B08 /* Assets.xcassets in Resources */ = {isa = PBXBuildFile; fileRef = 142AD92B1C768C7C00BE3B08 /* Assets.xcassets */; };
		142AD92F1C768C7C00BE3B08 /* LaunchScreen.storyboard in Resources */ = {isa = PBXBuildFile; fileRef = 142AD92D1C768C7C00BE3B08 /* LaunchScreen.storyboard */; };
/* End PBXBuildFile section */

/* Begin PBXFileReference section */
		142AD9211C768C7B00BE3B08 /* ReminderList.app */ = {isa = PBXFileReference; explicitFileType = wrapper.application; includeInIndex = 0; path = ReminderList.app; sourceTree = BUILT_PRODUCTS_DIR; };
		142AD9241C768C7B00BE3B08 /* AppDelegate.swift */ = {isa = PBXFileReference; lastKnownFileType = sourcecode.swift; path = AppDelegate.swift; sourceTree = "<group>"; };
		142AD9261C768C7B00BE3B08 /* ViewController.swift */ = {isa = PBXFileReference; lastKnownFileType = sourcecode.swift; path = ViewController.swift; sourceTree = "<group>"; };
		142AD9291C768C7B00BE3B08 /* Base */ = {isa = PBXFileReference; lastKnownFileType = file.storyboard; name = Base; path = Base.lproj/Main.storyboard; sourceTree = "<group>"; };
		142AD92B1C768C7C00BE3B08 /* Assets.xcassets */ = {isa = PBXFileReference; lastKnownFileType = folder.assetcatalog; path = Assets.xcassets; sourceTree = "<group>"; };
		142AD92E1C768C7C00BE3B08 /* Base */ = {isa = PBXFileReference; lastKnownFileType = file.storyboard; name = Base; path = Base.lproj/LaunchScreen.storyboard; sourceTree = "<group>"; };
		142AD9301C768C7C00BE3B08 /* Info.plist */ = {isa = PBXFileReference; lastKnownFileType = text.plist.xml; path = Info.plist; sourceTree = "<group>"; };
/* End PBXFileReference section */

/* Begin PBXFrameworksBuildPhase section */
		142AD91E1C768C7B00BE3B08 /* Frameworks */ = {
			isa = PBXFrameworksBuildPhase;
			buildActionMask = 2147483647;
			files = (
			);
			runOnlyForDeploymentPostprocessing = 0;
		};
/* End PBXFrameworksBuildPhase section */

/* Begin PBXGroup section */
		142AD9181C768C7B00BE3B08 = {
			isa = PBXGroup;
			children = (
				142AD9231C768C7B00BE3B08 /* ReminderList */,
				142AD9221C768C7B00BE3B08 /* Products */,
			);
			sourceTree = "<group>";
		};
		142AD9221C768C7B00BE3B08 /* Products */ = {
			isa = PBXGroup;
			children = (
				142AD9211C768C7B00BE3B08 /* ReminderList.app */,
			);
			name = Products;
			sourceTree = "<group>";
		};
		142AD9231C768C7B00BE3B08 /* ReminderList */ = {
			isa = PBXGroup;
			children = (
				142AD9241C768C7B00BE3B08 /* AppDelegate.swift */,
				142AD9261C768C7B00BE3B08 /* ViewController.swift */,
				142AD9281C768C7B00BE3B08 /* Main.storyboard */,
				142AD92B1C768C7C00BE3B08 /* Assets.xcassets */,
				142AD92D1C768C7C00BE3B08 /* LaunchScreen.storyboard */,
				142AD9301C768C7C00BE3B08 /* Info.plist */,
			);
			path = ReminderList;
			sourceTree = "<group>";
		};
/* End PBXGroup section */

/* Begin PBXNativeTarget section */
		142AD9201C768C7B00BE3B08 /* ReminderList */ = {
			isa = PBXNativeTarget;
			buildConfigurationList = 142AD9331C768C7C00BE3B08 /* Build configuration list for PBXNativeTarget "ReminderList" */;
			buildPhases = (
				142AD91D1C768C7B00BE3B08 /* Sources */,
				142AD91E1C768C7B00BE3B08 /* Frameworks */,
				142AD91F1C768C7B00BE3B08 /* Resources */,
			);
			buildRules = (
			);
			dependencies = (
			);
			name = ReminderList;
			productName = ReminderList;
			productReference = 142AD9211C768C7B00BE3B08 /* ReminderList.app */;
			productType = "com.apple.product-type.application";
		};
/* End PBXNativeTarget section */

/* Begin PBXProject section */
		142AD9191C768C7B00BE3B08 /* Project object */ = {
			isa = PBXProject;
			attributes = {
				LastSwiftUpdateCheck = 0720;
				LastUpgradeCheck = 0720;
				ORGANIZATIONNAME = "Deepa Chaganty";
				TargetAttributes = {
					142AD9201C768C7B00BE3B08 = {
						CreatedOnToolsVersion = 7.2;
						DevelopmentTeam = 63AMYAAW4K;
					};
				};
			};
			buildConfigurationList = 142AD91C1C768C7B00BE3B08 /* Build configuration list for PBXProject "ReminderList" */;
			compatibilityVersion = "Xcode 3.2";
			developmentRegion = English;
			hasScannedForEncodings = 0;
			knownRegions = (
				en,
				Base,
			);
			mainGroup = 142AD9181C768C7B00BE3B08;
			productRefGroup = 142AD9221C768C7B00BE3B08 /* Products */;
			projectDirPath = "";
			projectRoot = "";
			targets = (
				142AD9201C768C7B00BE3B08 /* ReminderList */,
			);
		};
/* End PBXProject section */

/* Begin PBXResourcesBuildPhase section */
		142AD91F1C768C7B00BE3B08 /* Resources */ = {
			isa = PBXResourcesBuildPhase;
			buildActionMask = 2147483647;
			files = (
				142AD92F1C768C7C00BE3B08 /* LaunchScreen.storyboard in Resources */,
				142AD92C1C768C7C00BE3B08 /* Assets.xcassets in Resources */,
				142AD92A1C768C7B00BE3B08 /* Main.storyboard in Resources */,
			);
			runOnlyForDeploymentPostprocessing = 0;
		};
/* End PBXResourcesBuildPhase section */

/* Begin PBXSourcesBuildPhase section */
		142AD91D1C768C7B00BE3B08 /* Sources */ = {
			isa = PBXSourcesBuildPhase;
			buildActionMask = 2147483647;
			files = (
				142AD9271C768C7B00BE3B08 /* ViewController.swift in Sources */,
				142AD9251C768C7B00BE3B08 /* AppDelegate.swift in Sources */,
			);
			runOnlyForDeploymentPostprocessing = 0;
		};
/* End PBXSourcesBuildPhase section */

/* Begin PBXVariantGroup section */
		142AD9281C768C7B00BE3B08 /* Main.storyboard */ = {
			isa = PBXVariantGroup;
			children = (
				142AD9291C768C7B00BE3B08 /* Base */,
			);
			name = Main.storyboard;
			sourceTree = "<group>";
		};
		142AD92D1C768C7C00BE3B08 /* LaunchScreen.storyboard */ = {
			isa = PBXVariantGroup;
			children = (
				142AD92E1C768C7C00BE3B08 /* Base */,
			);
			name = LaunchScreen.storyboard;
			sourceTree = "<group>";
		};
/* End PBXVariantGroup section */

/* Begin XCBuildConfiguration section */
		142AD9311C768C7C00BE3B08 /* Debug */ = {
			isa = XCBuildConfiguration;
			buildSettings = {
				ALWAYS_SEARCH_USER_PATHS = NO;
				CLANG_CXX_LANGUAGE_STANDARD = "gnu++0x";
				CLANG_CXX_LIBRARY = "libc++";
				CLANG_ENABLE_MODULES = YES;
				CLANG_ENABLE_OBJC_ARC = YES;
				CLANG_WARN_BOOL_CONVERSION = YES;
				CLANG_WARN_CONSTANT_CONVERSION = YES;
				CLANG_WARN_DIRECT_OBJC_ISA_USAGE = YES_ERROR;
				CLANG_WARN_EMPTY_BODY = YES;
				CLANG_WARN_ENUM_CONVERSION = YES;
				CLANG_WARN_INT_CONVERSION = YES;
				CLANG_WARN_OBJC_ROOT_CLASS = YES_ERROR;
				CLANG_WARN_UNREACHABLE_CODE = YES;
				CLANG_WARN__DUPLICATE_METHOD_MATCH = YES;
				"CODE_SIGN_IDENTITY[sdk=iphoneos*]" = "iPhone Developer";
				COPY_PHASE_STRIP = NO;
				DEBUG_INFORMATION_FORMAT = dwarf;
				ENABLE_STRICT_OBJC_MSGSEND = YES;
				ENABLE_TESTABILITY = YES;
				GCC_C_LANGUAGE_STANDARD = gnu99;
				GCC_DYNAMIC_NO_PIC = NO;
				GCC_NO_COMMON_BLOCKS = YES;
				GCC_OPTIMIZATION_LEVEL = 0;
				GCC_PREPROCESSOR_DEFINITIONS = (
					"DEBUG=1",
					"$(inherited)",
				);
				GCC_WARN_64_TO_32_BIT_CONVERSION = YES;
				GCC_WARN_ABOUT_RETURN_TYPE = YES_ERROR;
				GCC_WARN_UNDECLARED_SELECTOR = YES;
				GCC_WARN_UNINITIALIZED_AUTOS = YES_AGGRESSIVE;
				GCC_WARN_UNUSED_FUNCTION = YES;
				GCC_WARN_UNUSED_VARIABLE = YES;
				IPHONEOS_DEPLOYMENT_TARGET = 9.2;
				MTL_ENABLE_DEBUG_INFO = YES;
				ONLY_ACTIVE_ARCH = YES;
				SDKROOT = iphoneos;
				SWIFT_OPTIMIZATION_LEVEL = "-Onone";
				TARGETED_DEVICE_FAMILY = "1,2";
			};
			name = Debug;
		};
		142AD9321C768C7C00BE3B08 /* Release */ = {
			isa = XCBuildConfiguration;
			buildSettings = {
				ALWAYS_SEARCH_USER_PATHS = NO;
				CLANG_CXX_LANGUAGE_STANDARD = "gnu++0x";
				CLANG_CXX_LIBRARY = "libc++";
				CLANG_ENABLE_MODULES = YES;
				CLANG_ENABLE_OBJC_ARC = YES;
				CLANG_WARN_BOOL_CONVERSION = YES;
				CLANG_WARN_CONSTANT_CONVERSION = YES;
				CLANG_WARN_DIRECT_OBJC_ISA_USAGE = YES_ERROR;
				CLANG_WARN_EMPTY_BODY = YES;
				CLANG_WARN_ENUM_CONVERSION = YES;
				CLANG_WARN_INT_CONVERSION = YES;
				CLANG_WARN_OBJC_ROOT_CLASS = YES_ERROR;
				CLANG_WARN_UNREACHABLE_CODE = YES;
				CLANG_WARN__DUPLICATE_METHOD_MATCH = YES;
				"CODE_SIGN_IDENTITY[sdk=iphoneos*]" = "iPhone Developer";
				COPY_PHASE_STRIP = NO;
				DEBUG_INFORMATION_FORMAT = "dwarf-with-dsym";
				ENABLE_NS_ASSERTIONS = NO;
				ENABLE_STRICT_OBJC_MSGSEND = YES;
				GCC_C_LANGUAGE_STANDARD = gnu99;
				GCC_NO_COMMON_BLOCKS = YES;
				GCC_WARN_64_TO_32_BIT_CONVERSION = YES;
				GCC_WARN_ABOUT_RETURN_TYPE = YES_ERROR;
				GCC_WARN_UNDECLARED_SELECTOR = YES;
				GCC_WARN_UNINITIALIZED_AUTOS = YES_AGGRESSIVE;
				GCC_WARN_UNUSED_FUNCTION = YES;
				GCC_WARN_UNUSED_VARIABLE = YES;
				IPHONEOS_DEPLOYMENT_TARGET = 9.2;
				MTL_ENABLE_DEBUG_INFO = NO;
				SDKROOT = iphoneos;
				TARGETED_DEVICE_FAMILY = "1,2";
				VALIDATE_PRODUCT = YES;
			};
			name = Release;
		};
		142AD9341C768C7C00BE3B08 /* Debug */ = {
			isa = XCBuildConfiguration;
			buildSettings = {
				ASSETCATALOG_COMPILER_APPICON_NAME = AppIcon;
				CODE_SIGN_IDENTITY = "iPhone Developer";
				INFOPLIST_FILE = ReminderList/Info.plist;
				IPHONEOS_DEPLOYMENT_TARGET = 9.1;
				LD_RUNPATH_SEARCH_PATHS = "$(inherited) @executable_path/Frameworks";
				PRODUCT_BUNDLE_IDENTIFIER = com.matt.deepa.ReminderList;
				PRODUCT_NAME = "$(TARGET_NAME)";
			};
			name = Debug;
		};
		142AD9351C768C7C00BE3B08 /* Release */ = {
			isa = XCBuildConfiguration;
			buildSettings = {
				ASSETCATALOG_COMPILER_APPICON_NAME = AppIcon;
				CODE_SIGN_IDENTITY = "iPhone Developer";
				INFOPLIST_FILE = ReminderList/Info.plist;
				IPHONEOS_DEPLOYMENT_TARGET = 9.1;
				LD_RUNPATH_SEARCH_PATHS = "$(inherited) @executable_path/Frameworks";
				PRODUCT_BUNDLE_IDENTIFIER = com.matt.deepa.ReminderList;
				PRODUCT_NAME = "$(TARGET_NAME)";
			};
			name = Release;
		};
/* End XCBuildConfiguration section */

/* Begin XCConfigurationList section */
		142AD91C1C768C7B00BE3B08 /* Build configuration list for PBXProject "ReminderList" */ = {
			isa = XCConfigurationList;
			buildConfigurations = (
				142AD9311C768C7C00BE3B08 /* Debug */,
				142AD9321C768C7C00BE3B08 /* Release */,
			);
			defaultConfigurationIsVisible = 0;
			defaultConfigurationName = Release;
		};
		142AD9331C768C7C00BE3B08 /* Build configuration list for PBXNativeTarget "ReminderList" */ = {
			isa = XCConfigurationList;
			buildConfigurations = (
				142AD9341C768C7C00BE3B08 /* Debug */,
				142AD9351C768C7C00BE3B08 /* Release */,
			);
			defaultConfigurationIsVisible = 0;
		};
/* End XCConfigurationList section */
	};
	rootObject = 142AD9191C768C7B00BE3B08 /* Project object */;
}
